
Microsoft Visual Studio Solution File, Format Version 12.00
# Visual Studio Version 16
VisualStudioVersion = 16.0.29326.143
MinimumVisualStudioVersion = 10.0.40219.1
Project("{FAE04EC0-301F-11D3-BF4B-00C04F79EFBC}") = "BallMove", "pain\BallMove.csproj", "{8BAECD8B-ECAD-41BF-882C-1FAEF145EF87}"
EndProject
Global
	GlobalSection(SolutionConfigurationPlatforms) = preSolution
		Debug|Any CPU = Debug|Any CPU
		Release|Any CPU = Release|Any CPU
	EndGlobalSection
	GlobalSection(ProjectConfigurationPlatforms) = postSolution
		{8BAECD8B-ECAD-41BF-882C-1FAEF145EF87}.Debug|Any CPU.ActiveCfg = Debug|Any CPU
		{8BAECD8B-ECAD-41BF-882C-1FAEF145EF87}.Debug|Any CPU.Build.0 = Debug|Any CPU
		{8BAECD8B-ECAD-41BF-882C-1FAEF145EF87}.Release|Any CPU.ActiveCfg = Release|Any CPU
		{8BAECD8B-ECAD-41BF-882C-1FAEF145EF87}.Release|Any CPU.Build.0 = Release|Any CPU
	EndGlobalSection
	GlobalSection(SolutionProperties) = preSolution
		HideSolutionNode = FALSE
	EndGlobalSection
	GlobalSection(ExtensibilityGlobals) = postSolution
		SolutionGuid = {1A766A93-CA09-4F24-B5FB-311AD0650DF8}
	EndGlobalSection
EndGlobal
